// !$*UTF8*$!
{
	archiveVersion = 1;
	classes = {
	};
	objectVersion = 77;
	objects = {

/* Begin PBXContainerItemProxy section */
		F245FDC82DFC387D0053A377 /* PBXContainerItemProxy */ = {
			isa = PBXContainerItemProxy;
			containerPortal = F245FDB22DFC387C0053A377 /* Project object */;
			proxyType = 1;
			remoteGlobalIDString = F245FDB92DFC387C0053A377;
			remoteInfo = SwiftUIProductListMVVM;
		};
		F245FDD22DFC387D0053A377 /* PBXContainerItemProxy */ = {
			isa = PBXContainerItemProxy;
			containerPortal = F245FDB22DFC387C0053A377 /* Project object */;
			proxyType = 1;
			remoteGlobalIDString = F245FDB92DFC387C0053A377;
			remoteInfo = SwiftUIProductListMVVM;
		};
/* End PBXContainerItemProxy section */

/* Begin PBXFileReference section */
		F245FDBA2DFC387C0053A377 /* SwiftUIProductListMVVM.app */ = {isa = PBXFileReference; explicitFileType = wrapper.application; includeInIndex = 0; path = SwiftUIProductListMVVM.app; sourceTree = BUILT_PRODUCTS_DIR; };
		F245FDC72DFC387D0053A377 /* SwiftUIProductListMVVMTests.xctest */ = {isa = PBXFileReference; explicitFileType = wrapper.cfbundle; includeInIndex = 0; path = SwiftUIProductListMVVMTests.xctest; sourceTree = BUILT_PRODUCTS_DIR; };
		F245FDD12DFC387D0053A377 /* SwiftUIProductListMVVMUITests.xctest */ = {isa = PBXFileReference; explicitFileType = wrapper.cfbundle; includeInIndex = 0; path = SwiftUIProductListMVVMUITests.xctest; sourceTree = BUILT_PRODUCTS_DIR; };
/* End PBXFileReference section */

/* Begin PBXFileSystemSynchronizedRootGroup section */
		F245FDBC2DFC387C0053A377 /* SwiftUIProductListMVVM */ = {
			isa = PBXFileSystemSynchronizedRootGroup;
			path = SwiftUIProductListMVVM;
			sourceTree = "<group>";
		};
		F245FDCA2DFC387D0053A377 /* SwiftUIProductListMVVMTests */ = {
			isa = PBXFileSystemSynchronizedRootGroup;
			path = SwiftUIProductListMVVMTests;
			sourceTree = "<group>";
		};
		F245FDD42DFC387D0053A377 /* SwiftUIProductListMVVMUITests */ = {
			isa = PBXFileSystemSynchronizedRootGroup;
			path = SwiftUIProductListMVVMUITests;
			sourceTree = "<group>";
		};
/* End PBXFileSystemSynchronizedRootGroup section */

/* Begin PBXFrameworksBuildPhase section */
		F245FDB72DFC387C0053A377 /* Frameworks */ = {
			isa = PBXFrameworksBuildPhase;
			buildActionMask = 2147483647;
			files = (
			);
			runOnlyForDeploymentPostprocessing = 0;
		};
		F245FDC42DFC387D0053A377 /* Frameworks */ = {
			isa = PBXFrameworksBuildPhase;
			buildActionMask = 2147483647;
			files = (
			);
			runOnlyForDeploymentPostprocessing = 0;
		};
		F245FDCE2DFC387D0053A377 /* Frameworks */ = {
			isa = PBXFrameworksBuildPhase;
			buildActionMask = 2147483647;
			files = (
			);
			runOnlyForDeploymentPostprocessing = 0;
		};
/* End PBXFrameworksBuildPhase section */

/* Begin PBXGroup section */
		F245FDB12DFC387C0053A377 = {
			isa = PBXGroup;
			children = (
				F245FDBC2DFC387C0053A377 /* SwiftUIProductListMVVM */,
				F245FDCA2DFC387D0053A377 /* SwiftUIProductListMVVMTests */,
				F245FDD42DFC387D0053A377 /* SwiftUIProductListMVVMUITests */,
				F245FDBB2DFC387C0053A377 /* Products */,
			);
			sourceTree = "<group>";
		};
		F245FDBB2DFC387C0053A377 /* Products */ = {
			isa = PBXGroup;
			children = (
				F245FDBA2DFC387C0053A377 /* SwiftUIProductListMVVM.app */,
				F245FDC72DFC387D0053A377 /* SwiftUIProductListMVVMTests.xctest */,
				F245FDD12DFC387D0053A377 /* SwiftUIProductListMVVMUITests.xctest */,
			);
			name = Products;
			sourceTree = "<group>";
		};
/* End PBXGroup section */

/* Begin PBXNativeTarget section */
		F245FDB92DFC387C0053A377 /* SwiftUIProductListMVVM */ = {
			isa = PBXNativeTarget;
			buildConfigurationList = F245FDDB2DFC387D0053A377 /* Build configuration list for PBXNativeTarget "SwiftUIProductListMVVM" */;
			buildPhases = (
				F245FDB62DFC387C0053A377 /* Sources */,
				F245FDB72DFC387C0053A377 /* Frameworks */,
				F245FDB82DFC387C0053A377 /* Resources */,
			);
			buildRules = (
			);
			dependencies = (
			);
			fileSystemSynchronizedGroups = (
				F245FDBC2DFC387C0053A377 /* SwiftUIProductListMVVM */,
			);
			name = SwiftUIProductListMVVM;
			packageProductDependencies = (
			);
			productName = SwiftUIProductListMVVM;
			productReference = F245FDBA2DFC387C0053A377 /* SwiftUIProductListMVVM.app */;
			productType = "com.apple.product-type.application";
		};
		F245FDC62DFC387D0053A377 /* SwiftUIProductListMVVMTests */ = {
			isa = PBXNativeTarget;
			buildConfigurationList = F245FDDE2DFC387D0053A377 /* Build configuration list for PBXNativeTarget "SwiftUIProductListMVVMTests" */;
			buildPhases = (
				F245FDC32DFC387D0053A377 /* Sources */,
				F245FDC42DFC387D0053A377 /* Frameworks */,
				F245FDC52DFC387D0053A377 /* Resources */,
			);
			buildRules = (
			);
			dependencies = (
				F245FDC92DFC387D0053A377 /* PBXTargetDependency */,
			);
			fileSystemSynchronizedGroups = (
				F245FDCA2DFC387D0053A377 /* SwiftUIProductListMVVMTests */,
			);
			name = SwiftUIProductListMVVMTests;
			packageProductDependencies = (
			);
			productName = SwiftUIProductListMVVMTests;
			productReference = F245FDC72DFC387D0053A377 /* SwiftUIProductListMVVMTests.xctest */;
			productType = "com.apple.product-type.bundle.unit-test";
		};
		F245FDD02DFC387D0053A377 /* SwiftUIProductListMVVMUITests */ = {
			isa = PBXNativeTarget;
			buildConfigurationList = F245FDE12DFC387D0053A377 /* Build configuration list for PBXNativeTarget "SwiftUIProductListMVVMUITests" */;
			buildPhases = (
				F245FDCD2DFC387D0053A377 /* Sources */,
				F245FDCE2DFC387D0053A377 /* Frameworks */,
				F245FDCF2DFC387D0053A377 /* Resources */,
			);
			buildRules = (
			);
			dependencies = (
				F245FDD32DFC387D0053A377 /* PBXTargetDependency */,
			);
			fileSystemSynchronizedGroups = (
				F245FDD42DFC387D0053A377 /* SwiftUIProductListMVVMUITests */,
			);
			name = SwiftUIProductListMVVMUITests;
			packageProductDependencies = (
			);
			productName = SwiftUIProductListMVVMUITests;
			productReference = F245FDD12DFC387D0053A377 /* SwiftUIProductListMVVMUITests.xctest */;
			productType = "com.apple.product-type.bundle.ui-testing";
		};
/* End PBXNativeTarget section */

/* Begin PBXProject section */
		F245FDB22DFC387C0053A377 /* Project object */ = {
			isa = PBXProject;
			attributes = {
				BuildIndependentTargetsInParallel = 1;
				LastSwiftUpdateCheck = 1630;
				LastUpgradeCheck = 1630;
				TargetAttributes = {
					F245FDB92DFC387C0053A377 = {
						CreatedOnToolsVersion = 16.3;
					};
					F245FDC62DFC387D0053A377 = {
						CreatedOnToolsVersion = 16.3;
						TestTargetID = F245FDB92DFC387C0053A377;
					};
					F245FDD02DFC387D0053A377 = {
						CreatedOnToolsVersion = 16.3;
						TestTargetID = F245FDB92DFC387C0053A377;
					};
				};
			};
			buildConfigurationList = F245FDB52DFC387C0053A377 /* Build configuration list for PBXProject "SwiftUIProductListMVVM" */;
			developmentRegion = en;
			hasScannedForEncodings = 0;
			knownRegions = (
				en,
				Base,
			);
			mainGroup = F245FDB12DFC387C0053A377;
			minimizedProjectReferenceProxies = 1;
			preferredProjectObjectVersion = 77;
			productRefGroup = F245FDBB2DFC387C0053A377 /* Products */;
			projectDirPath = "";
			projectRoot = "";
			targets = (
				F245FDB92DFC387C0053A377 /* SwiftUIProductListMVVM */,
				F245FDC62DFC387D0053A377 /* SwiftUIProductListMVVMTests */,
				F245FDD02DFC387D0053A377 /* SwiftUIProductListMVVMUITests */,
			);
		};
/* End PBXProject section */

/* Begin PBXResourcesBuildPhase section */
		F245FDB82DFC387C0053A377 /* Resources */ = {
			isa = PBXResourcesBuildPhase;
			buildActionMask = 2147483647;
			files = (
			);
			runOnlyForDeploymentPostprocessing = 0;
		};
		F245FDC52DFC387D0053A377 /* Resources */ = {
			isa = PBXResourcesBuildPhase;
			buildActionMask = 2147483647;
			files = (
			);
			runOnlyForDeploymentPostprocessing = 0;
		};
		F245FDCF2DFC387D0053A377 /* Resources */ = {
			isa = PBXResourcesBuildPhase;
			buildActionMask = 2147483647;
			files = (
			);
			runOnlyForDeploymentPostprocessing = 0;
		};
/* End PBXResourcesBuildPhase section */

/* Begin PBXSourcesBuildPhase section */
		F245FDB62DFC387C0053A377 /* Sources */ = {
			isa = PBXSourcesBuildPhase;
			buildActionMask = 2147483647;
			files = (
			);
			runOnlyForDeploymentPostprocessing = 0;
		};
		F245FDC32DFC387D0053A377 /* Sources */ = {
			isa = PBXSourcesBuildPhase;
			buildActionMask = 2147483647;
			files = (
			);
			runOnlyForDeploymentPostprocessing = 0;
		};
		F245FDCD2DFC387D0053A377 /* Sources */ = {
			isa = PBXSourcesBuildPhase;
			buildActionMask = 2147483647;
			files = (
			);
			runOnlyForDeploymentPostprocessing = 0;
		};
/* End PBXSourcesBuildPhase section */

/* Begin PBXTargetDependency section */
		F245FDC92DFC387D0053A377 /* PBXTargetDependency */ = {
			isa = PBXTargetDependency;
			target = F245FDB92DFC387C0053A377 /* SwiftUIProductListMVVM */;
			targetProxy = F245FDC82DFC387D0053A377 /* PBXContainerItemProxy */;
		};
		F245FDD32DFC387D0053A377 /* PBXTargetDependency */ = {
			isa = PBXTargetDependency;
			target = F245FDB92DFC387C0053A377 /* SwiftUIProductListMVVM */;
			targetProxy = F245FDD22DFC387D0053A377 /* PBXContainerItemProxy */;
		};
/* End PBXTargetDependency section */

/* Begin XCBuildConfiguration section */
		F245FDD92DFC387D0053A377 /* Debug */ = {
			isa = XCBuildConfiguration;
			buildSettings = {
				ALWAYS_SEARCH_USER_PATHS = NO;
				ASSETCATALOG_COMPILER_GENERATE_SWIFT_ASSET_SYMBOL_EXTENSIONS = YES;
				CLANG_ANALYZER_NONNULL = YES;
				CLANG_ANALYZER_NUMBER_OBJECT_CONVERSION = YES_AGGRESSIVE;
				CLANG_CXX_LANGUAGE_STANDARD = "gnu++20";
				CLANG_ENABLE_MODULES = YES;
				CLANG_ENABLE_OBJC_ARC = YES;
				CLANG_ENABLE_OBJC_WEAK = YES;
				CLANG_WARN_BLOCK_CAPTURE_AUTORELEASING = YES;
				CLANG_WARN_BOOL_CONVERSION = YES;
				CLANG_WARN_COMMA = YES;
				CLANG_WARN_CONSTANT_CONVERSION = YES;
				CLANG_WARN_DEPRECATED_OBJC_IMPLEMENTATIONS = YES;
				CLANG_WARN_DIRECT_OBJC_ISA_USAGE = YES_ERROR;
				CLANG_WARN_DOCUMENTATION_COMMENTS = YES;
				CLANG_WARN_EMPTY_BODY = YES;
				CLANG_WARN_ENUM_CONVERSION = YES;
				CLANG_WARN_INFINITE_RECURSION = YES;
				CLANG_WARN_INT_CONVERSION = YES;
				CLANG_WARN_NON_LITERAL_NULL_CONVERSION = YES;
				CLANG_WARN_OBJC_IMPLICIT_RETAIN_SELF = YES;
				CLANG_WARN_OBJC_LITERAL_CONVERSION = YES;
				CLANG_WARN_OBJC_ROOT_CLASS = YES_ERROR;
				CLANG_WARN_QUOTED_INCLUDE_IN_FRAMEWORK_HEADER = YES;
				CLANG_WARN_RANGE_LOOP_ANALYSIS = YES;
				CLANG_WARN_STRICT_PROTOTYPES = YES;
				CLANG_WARN_SUSPICIOUS_MOVE = YES;
				CLANG_WARN_UNGUARDED_AVAILABILITY = YES_AGGRESSIVE;
				CLANG_WARN_UNREACHABLE_CODE = YES;
				CLANG_WARN__DUPLICATE_METHOD_MATCH = YES;
				COPY_PHASE_STRIP = NO;
				DEBUG_INFORMATION_FORMAT = dwarf;
				DEVELOPMENT_TEAM = 535ZECU935;
				ENABLE_STRICT_OBJC_MSGSEND = YES;
				ENABLE_TESTABILITY = YES;
				ENABLE_USER_SCRIPT_SANDBOXING = YES;
				GCC_C_LANGUAGE_STANDARD = gnu17;
				GCC_DYNAMIC_NO_PIC = NO;
				GCC_NO_COMMON_BLOCKS = YES;
				GCC_OPTIMIZATION_LEVEL = 0;
				GCC_PREPROCESSOR_DEFINITIONS = (
					"DEBUG=1",
					"$(inherited)",
				);
				GCC_WARN_64_TO_32_BIT_CONVERSION = YES;
				GCC_WARN_ABOUT_RETURN_TYPE = YES_ERROR;
				GCC_WARN_UNDECLARED_SELECTOR = YES;
				GCC_WARN_UNINITIALIZED_AUTOS = YES_AGGRESSIVE;
				GCC_WARN_UNUSED_FUNCTION = YES;
				GCC_WARN_UNUSED_VARIABLE = YES;
				IPHONEOS_DEPLOYMENT_TARGET = 18.4;
				LOCALIZATION_PREFERS_STRING_CATALOGS = YES;
				MTL_ENABLE_DEBUG_INFO = INCLUDE_SOURCE;
				MTL_FAST_MATH = YES;
				ONLY_ACTIVE_ARCH = YES;
				SDKROOT = iphoneos;
				SWIFT_ACTIVE_COMPILATION_CONDITIONS = "DEBUG $(inherited)";
				SWIFT_OPTIMIZATION_LEVEL = "-Onone";
			};
			name = Debug;
		};
		F245FDDA2DFC387D0053A377 /* Release */ = {
			isa = XCBuildConfiguration;
			buildSettings = {
				ALWAYS_SEARCH_USER_PATHS = NO;
				ASSETCATALOG_COMPILER_GENERATE_SWIFT_ASSET_SYMBOL_EXTENSIONS = YES;
				CLANG_ANALYZER_NONNULL = YES;
				CLANG_ANALYZER_NUMBER_OBJECT_CONVERSION = YES_AGGRESSIVE;
				CLANG_CXX_LANGUAGE_STANDARD = "gnu++20";
				CLANG_ENABLE_MODULES = YES;
				CLANG_ENABLE_OBJC_ARC = YES;
				CLANG_ENABLE_OBJC_WEAK = YES;
				CLANG_WARN_BLOCK_CAPTURE_AUTORELEASING = YES;
				CLANG_WARN_BOOL_CONVERSION = YES;
				CLANG_WARN_COMMA = YES;
				CLANG_WARN_CONSTANT_CONVERSION = YES;
				CLANG_WARN_DEPRECATED_OBJC_IMPLEMENTATIONS = YES;
				CLANG_WARN_DIRECT_OBJC_ISA_USAGE = YES_ERROR;
				CLANG_WARN_DOCUMENTATION_COMMENTS = YES;
				CLANG_WARN_EMPTY_BODY = YES;
				CLANG_WARN_ENUM_CONVERSION = YES;
				CLANG_WARN_INFINITE_RECURSION = YES;
				CLANG_WARN_INT_CONVERSION = YES;
				CLANG_WARN_NON_LITERAL_NULL_CONVERSION = YES;
				CLANG_WARN_OBJC_IMPLICIT_RETAIN_SELF = YES;
				CLANG_WARN_OBJC_LITERAL_CONVERSION = YES;
				CLANG_WARN_OBJC_ROOT_CLASS = YES_ERROR;
				CLANG_WARN_QUOTED_INCLUDE_IN_FRAMEWORK_HEADER = YES;
				CLANG_WARN_RANGE_LOOP_ANALYSIS = YES;
				CLANG_WARN_STRICT_PROTOTYPES = YES;
				CLANG_WARN_SUSPICIOUS_MOVE = YES;
				CLANG_WARN_UNGUARDED_AVAILABILITY = YES_AGGRESSIVE;
				CLANG_WARN_UNREACHABLE_CODE = YES;
				CLANG_WARN__DUPLICATE_METHOD_MATCH = YES;
				COPY_PHASE_STRIP = NO;
				DEBUG_INFORMATION_FORMAT = "dwarf-with-dsym";
				DEVELOPMENT_TEAM = 535ZECU935;
				ENABLE_NS_ASSERTIONS = NO;
				ENABLE_STRICT_OBJC_MSGSEND = YES;
				ENABLE_USER_SCRIPT_SANDBOXING = YES;
				GCC_C_LANGUAGE_STANDARD = gnu17;
				GCC_NO_COMMON_BLOCKS = YES;
				GCC_WARN_64_TO_32_BIT_CONVERSION = YES;
				GCC_WARN_ABOUT_RETURN_TYPE = YES_ERROR;
				GCC_WARN_UNDECLARED_SELECTOR = YES;
				GCC_WARN_UNINITIALIZED_AUTOS = YES_AGGRESSIVE;
				GCC_WARN_UNUSED_FUNCTION = YES;
				GCC_WARN_UNUSED_VARIABLE = YES;
				IPHONEOS_DEPLOYMENT_TARGET = 18.4;
				LOCALIZATION_PREFERS_STRING_CATALOGS = YES;
				MTL_ENABLE_DEBUG_INFO = NO;
				MTL_FAST_MATH = YES;
				SDKROOT = iphoneos;
				SWIFT_COMPILATION_MODE = wholemodule;
				VALIDATE_PRODUCT = YES;
			};
			name = Release;
		};
		F245FDDC2DFC387D0053A377 /* Debug */ = {
			isa = XCBuildConfiguration;
			buildSettings = {
				ASSETCATALOG_COMPILER_APPICON_NAME = AppIcon;
				ASSETCATALOG_COMPILER_GLOBAL_ACCENT_COLOR_NAME = AccentColor;
				CODE_SIGN_STYLE = Automatic;
				CURRENT_PROJECT_VERSION = 1;
				DEVELOPMENT_TEAM = 535ZECU935;
				ENABLE_PREVIEWS = YES;
				GENERATE_INFOPLIST_FILE = YES;
				INFOPLIST_KEY_UIApplicationSceneManifest_Generation = YES;
				INFOPLIST_KEY_UIApplicationSupportsIndirectInputEvents = YES;
				INFOPLIST_KEY_UILaunchScreen_Generation = YES;
				INFOPLIST_KEY_UISupportedInterfaceOrientations_iPad = "UIInterfaceOrientationPortrait UIInterfaceOrientationPortraitUpsideDown UIInterfaceOrientationLandscapeLeft UIInterfaceOrientationLandscapeRight";
				INFOPLIST_KEY_UISupportedInterfaceOrientations_iPhone = "UIInterfaceOrientationPortrait UIInterfaceOrientationLandscapeLeft UIInterfaceOrientationLandscapeRight";
				LD_RUNPATH_SEARCH_PATHS = (
					"$(inherited)",
					"@executable_path/Frameworks",
				);
				MARKETING_VERSION = 1.0;
				PRODUCT_BUNDLE_IDENTIFIER = niravvirpara.SwiftUIProductListMVVM;
				PRODUCT_NAME = "$(TARGET_NAME)";
				SWIFT_EMIT_LOC_STRINGS = YES;
				SWIFT_VERSION = 5.0;
				TARGETED_DEVICE_FAMILY = "1,2";
			};
			name = Debug;
		};
		F245FDDD2DFC387D0053A377 /* Release */ = {
			isa = XCBuildConfiguration;
			buildSettings = {
				ASSETCATALOG_COMPILER_APPICON_NAME = AppIcon;
				ASSETCATALOG_COMPILER_GLOBAL_ACCENT_COLOR_NAME = AccentColor;
				CODE_SIGN_STYLE = Automatic;
				CURRENT_PROJECT_VERSION = 1;
				DEVELOPMENT_TEAM = 535ZECU935;
				ENABLE_PREVIEWS = YES;
				GENERATE_INFOPLIST_FILE = YES;
				INFOPLIST_KEY_UIApplicationSceneManifest_Generation = YES;
				INFOPLIST_KEY_UIApplicationSupportsIndirectInputEvents = YES;
				INFOPLIST_KEY_UILaunchScreen_Generation = YES;
				INFOPLIST_KEY_UISupportedInterfaceOrientations_iPad = "UIInterfaceOrientationPortrait UIInterfaceOrientationPortraitUpsideDown UIInterfaceOrientationLandscapeLeft UIInterfaceOrientationLandscapeRight";
				INFOPLIST_KEY_UISupportedInterfaceOrientations_iPhone = "UIInterfaceOrientationPortrait UIInterfaceOrientationLandscapeLeft UIInterfaceOrientationLandscapeRight";
				LD_RUNPATH_SEARCH_PATHS = (
					"$(inherited)",
					"@executable_path/Frameworks",
				);
				MARKETING_VERSION = 1.0;
				PRODUCT_BUNDLE_IDENTIFIER = niravvirpara.SwiftUIProductListMVVM;
				PRODUCT_NAME = "$(TARGET_NAME)";
				SWIFT_EMIT_LOC_STRINGS = YES;
				SWIFT_VERSION = 5.0;
				TARGETED_DEVICE_FAMILY = "1,2";
			};
			name = Release;
		};
		F245FDDF2DFC387D0053A377 /* Debug */ = {
			isa = XCBuildConfiguration;
			buildSettings = {
				BUNDLE_LOADER = "$(TEST_HOST)";
				CODE_SIGN_STYLE = Automatic;
				CURRENT_PROJECT_VERSION = 1;
				DEVELOPMENT_TEAM = 535ZECU935;
				GENERATE_INFOPLIST_FILE = YES;
				IPHONEOS_DEPLOYMENT_TARGET = 18.4;
				MARKETING_VERSION = 1.0;
				PRODUCT_BUNDLE_IDENTIFIER = niravvirpara.SwiftUIProductListMVVMTests;
				PRODUCT_NAME = "$(TARGET_NAME)";
				SWIFT_EMIT_LOC_STRINGS = NO;
				SWIFT_VERSION = 5.0;
				TARGETED_DEVICE_FAMILY = "1,2";
				TEST_HOST = "$(BUILT_PRODUCTS_DIR)/SwiftUIProductListMVVM.app/$(BUNDLE_EXECUTABLE_FOLDER_PATH)/SwiftUIProductListMVVM";
			};
			name = Debug;
		};
		F245FDE02DFC387D0053A377 /* Release */ = {
			isa = XCBuildConfiguration;
			buildSettings = {
				BUNDLE_LOADER = "$(TEST_HOST)";
				CODE_SIGN_STYLE = Automatic;
				CURRENT_PROJECT_VERSION = 1;
				DEVELOPMENT_TEAM = 535ZECU935;
				GENERATE_INFOPLIST_FILE = YES;
				IPHONEOS_DEPLOYMENT_TARGET = 18.4;
				MARKETING_VERSION = 1.0;
				PRODUCT_BUNDLE_IDENTIFIER = niravvirpara.SwiftUIProductListMVVMTests;
				PRODUCT_NAME = "$(TARGET_NAME)";
				SWIFT_EMIT_LOC_STRINGS = NO;
				SWIFT_VERSION = 5.0;
				TARGETED_DEVICE_FAMILY = "1,2";
				TEST_HOST = "$(BUILT_PRODUCTS_DIR)/SwiftUIProductListMVVM.app/$(BUNDLE_EXECUTABLE_FOLDER_PATH)/SwiftUIProductListMVVM";
			};
			name = Release;
		};
		F245FDE22DFC387D0053A377 /* Debug */ = {
			isa = XCBuildConfiguration;
			buildSettings = {
				CODE_SIGN_STYLE = Automatic;
				CURRENT_PROJECT_VERSION = 1;
				DEVELOPMENT_TEAM = 535ZECU935;
				GENERATE_INFOPLIST_FILE = YES;
				MARKETING_VERSION = 1.0;
				PRODUCT_BUNDLE_IDENTIFIER = niravvirpara.SwiftUIProductListMVVMUITests;
				PRODUCT_NAME = "$(TARGET_NAME)";
				SWIFT_EMIT_LOC_STRINGS = NO;
				SWIFT_VERSION = 5.0;
				TARGETED_DEVICE_FAMILY = "1,2";
				TEST_TARGET_NAME = SwiftUIProductListMVVM;
			};
			name = Debug;
		};
		F245FDE32DFC387D0053A377 /* Release */ = {
			isa = XCBuildConfiguration;
			buildSettings = {
				CODE_SIGN_STYLE = Automatic;
				CURRENT_PROJECT_VERSION = 1;
				DEVELOPMENT_TEAM = 535ZECU935;
				GENERATE_INFOPLIST_FILE = YES;
				MARKETING_VERSION = 1.0;
				PRODUCT_BUNDLE_IDENTIFIER = niravvirpara.SwiftUIProductListMVVMUITests;
				PRODUCT_NAME = "$(TARGET_NAME)";
				SWIFT_EMIT_LOC_STRINGS = NO;
				SWIFT_VERSION = 5.0;
				TARGETED_DEVICE_FAMILY = "1,2";
				TEST_TARGET_NAME = SwiftUIProductListMVVM;
			};
			name = Release;
		};
/* End XCBuildConfiguration section */

/* Begin XCConfigurationList section */
		F245FDB52DFC387C0053A377 /* Build configuration list for PBXProject "SwiftUIProductListMVVM" */ = {
			isa = XCConfigurationList;
			buildConfigurations = (
				F245FDD92DFC387D0053A377 /* Debug */,
				F245FDDA2DFC387D0053A377 /* Release */,
			);
			defaultConfigurationIsVisible = 0;
			defaultConfigurationName = Release;
		};
		F245FDDB2DFC387D0053A377 /* Build configuration list for PBXNativeTarget "SwiftUIProductListMVVM" */ = {
			isa = XCConfigurationList;
			buildConfigurations = (
				F245FDDC2DFC387D0053A377 /* Debug */,
				F245FDDD2DFC387D0053A377 /* Release */,
			);
			defaultConfigurationIsVisible = 0;
			defaultConfigurationName = Release;
		};
		F245FDDE2DFC387D0053A377 /* Build configuration list for PBXNativeTarget "SwiftUIProductListMVVMTests" */ = {
			isa = XCConfigurationList;
			buildConfigurations = (
				F245FDDF2DFC387D0053A377 /* Debug */,
				F245FDE02DFC387D0053A377 /* Release */,
			);
			defaultConfigurationIsVisible = 0;
			defaultConfigurationName = Release;
		};
		F245FDE12DFC387D0053A377 /* Build configuration list for PBXNativeTarget "SwiftUIProductListMVVMUITests" */ = {
			isa = XCConfigurationList;
			buildConfigurations = (
				F245FDE22DFC387D0053A377 /* Debug */,
				F245FDE32DFC387D0053A377 /* Release */,
			);
			defaultConfigurationIsVisible = 0;
			defaultConfigurationName = Release;
		};
/* End XCConfigurationList section */
	};
	rootObject = F245FDB22DFC387C0053A377 /* Project object */;
}
